
Microsoft Visual Studio Solution File, Format Version 12.00
# Visual Studio Version 16
VisualStudioVersion = 16.0.29324.140
MinimumVisualStudioVersion = 10.0.40219.1
Project("{FAE04EC0-301F-11D3-BF4B-00C04F79EFBC}") = "DotNetCoreWCF.Service", "DotNetCoreWCF.Service\DotNetCoreWCF.Service.csproj", "{8BC0EDD3-6394-457D-B977-588090F7FECA}"
EndProject
Project("{9A19103F-16F7-4668-BE54-9A1E7A4F7556}") = "DotNetCoreWCF.Model", "DotNetCoreWCF.Model\DotNetCoreWCF.Model.csproj", "{40E6AAA2-BB4D-4FD1-B923-4BA8FADDD866}"
EndProject
Project("{9A19103F-16F7-4668-BE54-9A1E7A4F7556}") = "DotNetCoreWCF.Client", "DotNetCoreWCF.Client\DotNetCoreWCF.Client.csproj", "{8F147355-786D-4668-A96B-D0ACC5EB3BBB}"
EndProject
Project("{FAE04EC0-301F-11D3-BF4B-00C04F79EFBC}") = "DotNetCoreWCF.FullClient", "DotNetCoreWCF.FullClient\DotNetCoreWCF.FullClient.csproj", "{DE9CBAB9-DAB9-4CCA-852C-59C6E4933BD0}"
EndProject
Project("{2150E333-8FDC-42A3-9474-1A3956D46DE8}") = "Clients", "Clients", "{924F55E9-6BBA-4081-840C-33984B50B45F}"
EndProject
Project("{2150E333-8FDC-42A3-9474-1A3956D46DE8}") = "Services", "Services", "{3815B129-20CD-44A9-997D-6CB076935BAE}"
EndProject
Project("{2150E333-8FDC-42A3-9474-1A3956D46DE8}") = "Shared", "Shared", "{B3A5D0B5-02AA-413C-A455-F493D053E81F}"
EndProject
Project("{9A19103F-16F7-4668-BE54-9A1E7A4F7556}") = "DotNetCoreWCF.Proxy", "DotNetCoreWCF.Proxy\DotNetCoreWCF.Proxy.csproj", "{5D88C1DB-1702-4CE6-BB33-5ACFDAA6A6FE}"
EndProject
Project("{2150E333-8FDC-42A3-9474-1A3956D46DE8}") = "Solution Items", "Solution Items", "{3FDB02DA-6205-42A4-BC5D-43EAEA1BD9AC}"
	ProjectSection(SolutionItems) = preProject
		README.md = README.md
	EndProjectSection
EndProject
Project("{9A19103F-16F7-4668-BE54-9A1E7A4F7556}") = "DotNetCoreWCF.GrpcHost", "DotNetCoreWCF.gRPC.Host\DotNetCoreWCF.GrpcHost.csproj", "{FF52DA81-08AD-4F0B-B2DB-5F31954C2CC0}"
EndProject
Project("{9A19103F-16F7-4668-BE54-9A1E7A4F7556}") = "DotNetCoreWCF.GrpcClient", "DotNetCoreWCF.GrpcClient\DotNetCoreWCF.GrpcClient.csproj", "{66F1727C-6CEE-40DD-A208-124F27877EDF}"
EndProject
Project("{9A19103F-16F7-4668-BE54-9A1E7A4F7556}") = "DotNetCoreWCF.Proto", "DotNetCoreWCF.Proto\DotNetCoreWCF.Proto.csproj", "{9CB2E27D-B642-4826-ADC6-B8DA56790D7C}"
EndProject
Project("{9A19103F-16F7-4668-BE54-9A1E7A4F7556}") = "DotNetCoreWCF.Logic", "DotNetCoreWCF.Logic\DotNetCoreWCF.Logic.csproj", "{F63AE4E5-AF65-44A4-B663-BD0E3D2D0BEC}"
EndProject
Project("{9A19103F-16F7-4668-BE54-9A1E7A4F7556}") = "DotNetCoreWCF.Service.Core", "DotNetCoreWCF.Service.Core\DotNetCoreWCF.Service.Core.csproj", "{577EA0C7-7589-4092-8EE3-F17068C3635D}"
EndProject
Global
	GlobalSection(SolutionConfigurationPlatforms) = preSolution
		Debug|Any CPU = Debug|Any CPU
		Release|Any CPU = Release|Any CPU
	EndGlobalSection
	GlobalSection(ProjectConfigurationPlatforms) = postSolution
		{8BC0EDD3-6394-457D-B977-588090F7FECA}.Debug|Any CPU.ActiveCfg = Debug|Any CPU
		{8BC0EDD3-6394-457D-B977-588090F7FECA}.Debug|Any CPU.Build.0 = Debug|Any CPU
		{8BC0EDD3-6394-457D-B977-588090F7FECA}.Release|Any CPU.ActiveCfg = Release|Any CPU
		{8BC0EDD3-6394-457D-B977-588090F7FECA}.Release|Any CPU.Build.0 = Release|Any CPU
		{40E6AAA2-BB4D-4FD1-B923-4BA8FADDD866}.Debug|Any CPU.ActiveCfg = Debug|Any CPU
		{40E6AAA2-BB4D-4FD1-B923-4BA8FADDD866}.Debug|Any CPU.Build.0 = Debug|Any CPU
		{40E6AAA2-BB4D-4FD1-B923-4BA8FADDD866}.Release|Any CPU.ActiveCfg = Release|Any CPU
		{40E6AAA2-BB4D-4FD1-B923-4BA8FADDD866}.Release|Any CPU.Build.0 = Release|Any CPU
		{8F147355-786D-4668-A96B-D0ACC5EB3BBB}.Debug|Any CPU.ActiveCfg = Debug|Any CPU
		{8F147355-786D-4668-A96B-D0ACC5EB3BBB}.Debug|Any CPU.Build.0 = Debug|Any CPU
		{8F147355-786D-4668-A96B-D0ACC5EB3BBB}.Release|Any CPU.ActiveCfg = Release|Any CPU
		{8F147355-786D-4668-A96B-D0ACC5EB3BBB}.Release|Any CPU.Build.0 = Release|Any CPU
		{DE9CBAB9-DAB9-4CCA-852C-59C6E4933BD0}.Debug|Any CPU.ActiveCfg = Debug|Any CPU
		{DE9CBAB9-DAB9-4CCA-852C-59C6E4933BD0}.Debug|Any CPU.Build.0 = Debug|Any CPU
		{DE9CBAB9-DAB9-4CCA-852C-59C6E4933BD0}.Release|Any CPU.ActiveCfg = Release|Any CPU
		{DE9CBAB9-DAB9-4CCA-852C-59C6E4933BD0}.Release|Any CPU.Build.0 = Release|Any CPU
		{5D88C1DB-1702-4CE6-BB33-5ACFDAA6A6FE}.Debug|Any CPU.ActiveCfg = Debug|Any CPU
		{5D88C1DB-1702-4CE6-BB33-5ACFDAA6A6FE}.Debug|Any CPU.Build.0 = Debug|Any CPU
		{5D88C1DB-1702-4CE6-BB33-5ACFDAA6A6FE}.Release|Any CPU.ActiveCfg = Release|Any CPU
		{5D88C1DB-1702-4CE6-BB33-5ACFDAA6A6FE}.Release|Any CPU.Build.0 = Release|Any CPU
		{FF52DA81-08AD-4F0B-B2DB-5F31954C2CC0}.Debug|Any CPU.ActiveCfg = Debug|Any CPU
		{FF52DA81-08AD-4F0B-B2DB-5F31954C2CC0}.Debug|Any CPU.Build.0 = Debug|Any CPU
		{FF52DA81-08AD-4F0B-B2DB-5F31954C2CC0}.Release|Any CPU.ActiveCfg = Release|Any CPU
		{FF52DA81-08AD-4F0B-B2DB-5F31954C2CC0}.Release|Any CPU.Build.0 = Release|Any CPU
		{66F1727C-6CEE-40DD-A208-124F27877EDF}.Debug|Any CPU.ActiveCfg = Debug|Any CPU
		{66F1727C-6CEE-40DD-A208-124F27877EDF}.Debug|Any CPU.Build.0 = Debug|Any CPU
		{66F1727C-6CEE-40DD-A208-124F27877EDF}.Release|Any CPU.ActiveCfg = Release|Any CPU
		{66F1727C-6CEE-40DD-A208-124F27877EDF}.Release|Any CPU.Build.0 = Release|Any CPU
		{9CB2E27D-B642-4826-ADC6-B8DA56790D7C}.Debug|Any CPU.ActiveCfg = Debug|Any CPU
		{9CB2E27D-B642-4826-ADC6-B8DA56790D7C}.Debug|Any CPU.Build.0 = Debug|Any CPU
		{9CB2E27D-B642-4826-ADC6-B8DA56790D7C}.Release|Any CPU.ActiveCfg = Release|Any CPU
		{9CB2E27D-B642-4826-ADC6-B8DA56790D7C}.Release|Any CPU.Build.0 = Release|Any CPU
		{F63AE4E5-AF65-44A4-B663-BD0E3D2D0BEC}.Debug|Any CPU.ActiveCfg = Debug|Any CPU
		{F63AE4E5-AF65-44A4-B663-BD0E3D2D0BEC}.Debug|Any CPU.Build.0 = Debug|Any CPU
		{F63AE4E5-AF65-44A4-B663-BD0E3D2D0BEC}.Release|Any CPU.ActiveCfg = Release|Any CPU
		{F63AE4E5-AF65-44A4-B663-BD0E3D2D0BEC}.Release|Any CPU.Build.0 = Release|Any CPU
		{577EA0C7-7589-4092-8EE3-F17068C3635D}.Debug|Any CPU.ActiveCfg = Debug|Any CPU
		{577EA0C7-7589-4092-8EE3-F17068C3635D}.Debug|Any CPU.Build.0 = Debug|Any CPU
		{577EA0C7-7589-4092-8EE3-F17068C3635D}.Release|Any CPU.ActiveCfg = Release|Any CPU
		{577EA0C7-7589-4092-8EE3-F17068C3635D}.Release|Any CPU.Build.0 = Release|Any CPU
	EndGlobalSection
	GlobalSection(SolutionProperties) = preSolution
		HideSolutionNode = FALSE
	EndGlobalSection
	GlobalSection(NestedProjects) = preSolution
		{8BC0EDD3-6394-457D-B977-588090F7FECA} = {3815B129-20CD-44A9-997D-6CB076935BAE}
		{40E6AAA2-BB4D-4FD1-B923-4BA8FADDD866} = {B3A5D0B5-02AA-413C-A455-F493D053E81F}
		{8F147355-786D-4668-A96B-D0ACC5EB3BBB} = {924F55E9-6BBA-4081-840C-33984B50B45F}
		{DE9CBAB9-DAB9-4CCA-852C-59C6E4933BD0} = {924F55E9-6BBA-4081-840C-33984B50B45F}
		{5D88C1DB-1702-4CE6-BB33-5ACFDAA6A6FE} = {B3A5D0B5-02AA-413C-A455-F493D053E81F}
		{FF52DA81-08AD-4F0B-B2DB-5F31954C2CC0} = {3815B129-20CD-44A9-997D-6CB076935BAE}
		{66F1727C-6CEE-40DD-A208-124F27877EDF} = {924F55E9-6BBA-4081-840C-33984B50B45F}
		{9CB2E27D-B642-4826-ADC6-B8DA56790D7C} = {B3A5D0B5-02AA-413C-A455-F493D053E81F}
		{F63AE4E5-AF65-44A4-B663-BD0E3D2D0BEC} = {B3A5D0B5-02AA-413C-A455-F493D053E81F}
		{577EA0C7-7589-4092-8EE3-F17068C3635D} = {3815B129-20CD-44A9-997D-6CB076935BAE}
	EndGlobalSection
	GlobalSection(ExtensibilityGlobals) = postSolution
		SolutionGuid = {5BEE18DB-C29F-49D1-BEAD-165E8953C477}
	EndGlobalSection
EndGlobal
